# THIS IS AN AUTOGENERATED FILE. DO NOT EDIT THIS FILE DIRECTLY.
# yarn lockfile v1


acorn@^4.0.3:
  version "4.0.11"
  resolved "https://registry.yarnpkg.com/acorn/-/acorn-4.0.11.tgz#edcda3bd937e7556410d42ed5860f67399c794c0"

agent-base@2:
  version "2.0.1"
  resolved "https://registry.yarnpkg.com/agent-base/-/agent-base-2.0.1.tgz#bd8f9e86a8eb221fffa07bd14befd55df142815e"
  dependencies:
    extend "~3.0.0"
    semver "~5.0.1"

align-text@^0.1.1, align-text@^0.1.3:
  version "0.1.4"
  resolved "https://registry.yarnpkg.com/align-text/-/align-text-0.1.4.tgz#0cd90a561093f35d0a99256c22b7069433fad117"
  dependencies:
    kind-of "^3.0.2"
    longest "^1.0.1"
    repeat-string "^1.5.2"

alter@~0.2.0:
  version "0.2.0"
  resolved "https://registry.yarnpkg.com/alter/-/alter-0.2.0.tgz#c7588808617572034aae62480af26b1d4d1cb3cd"
  dependencies:
    stable "~0.1.3"

amdefine@>=0.0.4:
  version "1.0.1"
  resolved "https://registry.yarnpkg.com/amdefine/-/amdefine-1.0.1.tgz#4a5282ac164729e93619bcfd3ad151f817ce91f5"

ast-traverse@~0.1.1:
  version "0.1.1"
  resolved "https://registry.yarnpkg.com/ast-traverse/-/ast-traverse-0.1.1.tgz#69cf2b8386f19dcda1bb1e05d68fe359d8897de6"

ast-types@0.8.12:
  version "0.8.12"
  resolved "https://registry.yarnpkg.com/ast-types/-/ast-types-0.8.12.tgz#a0d90e4351bb887716c83fd637ebf818af4adfcc"

ast-types@0.9.6:
  version "0.9.6"
  resolved "https://registry.yarnpkg.com/ast-types/-/ast-types-0.9.6.tgz#102c9e9e9005d3e7e3829bf0c4fa24ee862ee9b9"

ast-types@0.x.x:
  version "0.9.10"
  resolved "https://registry.yarnpkg.com/ast-types/-/ast-types-0.9.10.tgz#4472a8508726269562c766307133e0d4ed7ada52"

async@^1.5.2:
  version "1.5.2"
  resolved "https://registry.yarnpkg.com/async/-/async-1.5.2.tgz#ec6a61ae56480c0c3cb241c95618e20892f9672a"

balanced-match@^0.4.1:
  version "0.4.2"
  resolved "https://registry.yarnpkg.com/balanced-match/-/balanced-match-0.4.2.tgz#cb3f3e3c732dc0f01ee70b403f302e61d7709838"

bignumber.js@^4.0.0:
  version "4.0.0"
  resolved "https://registry.yarnpkg.com/bignumber.js/-/bignumber.js-4.0.0.tgz#26b23a3240820fb6b875f07de822004c7d34b682"

bluebird@^3.3.5:
  version "3.5.0"
  resolved "https://registry.yarnpkg.com/bluebird/-/bluebird-3.5.0.tgz#791420d7f551eea2897453a8a77653f96606d67c"

brace-expansion@^1.0.0:
  version "1.1.6"
  resolved "https://registry.yarnpkg.com/brace-expansion/-/brace-expansion-1.1.6.tgz#7197d7eaa9b87e648390ea61fc66c84427420df9"
  dependencies:
    balanced-match "^0.4.1"
    concat-map "0.0.1"

breakable@~1.0.0:
  version "1.0.0"
  resolved "https://registry.yarnpkg.com/breakable/-/breakable-1.0.0.tgz#784a797915a38ead27bad456b5572cb4bbaa78c1"

buffer-shims@^1.0.0:
  version "1.0.0"
  resolved "https://registry.yarnpkg.com/buffer-shims/-/buffer-shims-1.0.0.tgz#9978ce317388c649ad8793028c3477ef044a8b51"

camelcase@^1.2.1:
  version "1.2.1"
  resolved "https://registry.yarnpkg.com/camelcase/-/camelcase-1.2.1.tgz#9bb5304d2e0b56698b2c758b08a3eaa9daa58a39"

center-align@^0.1.1:
  version "0.1.3"
  resolved "https://registry.yarnpkg.com/center-align/-/center-align-0.1.3.tgz#aa0d32629b6ee972200411cbd4461c907bc2b7ad"
  dependencies:
    align-text "^0.1.3"
    lazy-cache "^1.0.3"

cliui@^2.1.0:
  version "2.1.0"
  resolved "https://registry.yarnpkg.com/cliui/-/cliui-2.1.0.tgz#4b475760ff80264c762c3a1719032e91c7fea0d1"
  dependencies:
    center-align "^0.1.1"
    right-align "^0.1.1"
    wordwrap "0.0.2"

co@~3.0.6:
  version "3.0.6"
  resolved "https://registry.yarnpkg.com/co/-/co-3.0.6.tgz#1445f226c5eb956138e68c9ac30167ea7d2e6bda"

combined-stream@^1.0.5:
  version "1.0.5"
  resolved "https://registry.yarnpkg.com/combined-stream/-/combined-stream-1.0.5.tgz#938370a57b4a51dea2c77c15d5c5fdf895164009"
  dependencies:
    delayed-stream "~1.0.0"

commander@^2.5.0:
  version "2.9.0"
  resolved "https://registry.yarnpkg.com/commander/-/commander-2.9.0.tgz#9c99094176e12240cb22d6c5146098400fe0f7d4"
  dependencies:
    graceful-readlink ">= 1.0.0"

commoner@~0.10.3:
  version "0.10.8"
  resolved "https://registry.yarnpkg.com/commoner/-/commoner-0.10.8.tgz#34fc3672cd24393e8bb47e70caa0293811f4f2c5"
  dependencies:
    commander "^2.5.0"
    detective "^4.3.1"
    glob "^5.0.15"
    graceful-fs "^4.1.2"
    iconv-lite "^0.4.5"
    mkdirp "^0.5.0"
    private "^0.1.6"
    q "^1.1.2"
    recast "^0.11.17"

component-emitter@^1.2.0:
  version "1.2.1"
  resolved "https://registry.yarnpkg.com/component-emitter/-/component-emitter-1.2.1.tgz#137918d6d78283f7df7a6b7c5a63e140e69425e6"

concat-map@0.0.1:
  version "0.0.1"
  resolved "https://registry.yarnpkg.com/concat-map/-/concat-map-0.0.1.tgz#d8a96bd77fd68df7793a73036a3ba0d5405d477b"

cookiejar@^2.0.6:
  version "2.1.0"
  resolved "https://registry.yarnpkg.com/cookiejar/-/cookiejar-2.1.0.tgz#86549689539b6d0e269b6637a304be508194d898"

core-util-is@~1.0.0:
  version "1.0.2"
  resolved "https://registry.yarnpkg.com/core-util-is/-/core-util-is-1.0.2.tgz#b5fd54220aa2bc5ab57aab7140c940754503c1a7"

data-uri-to-buffer@0:
  version "0.0.4"
  resolved "https://registry.yarnpkg.com/data-uri-to-buffer/-/data-uri-to-buffer-0.0.4.tgz#46e13ab9da8e309745c8d01ce547213ebdb2fe3f"

debug@2, debug@^2.2.0:
  version "2.6.3"
  resolved "https://registry.yarnpkg.com/debug/-/debug-2.6.3.tgz#0f7eb8c30965ec08c72accfa0130c8b79984141d"
  dependencies:
    ms "0.7.2"

decamelize@^1.0.0:
  version "1.2.0"
  resolved "https://registry.yarnpkg.com/decamelize/-/decamelize-1.2.0.tgz#f6534d15148269b20352e7bee26f501f9a191290"

deep-is@~0.1.3:
  version "0.1.3"
  resolved "https://registry.yarnpkg.com/deep-is/-/deep-is-0.1.3.tgz#b369d6fb5dbc13eecf524f91b070feedc357cf34"

defined@^1.0.0:
  version "1.0.0"
  resolved "https://registry.yarnpkg.com/defined/-/defined-1.0.0.tgz#c98d9bcef75674188e110969151199e39b1fa693"

defs@~1.1.0:
  version "1.1.1"
  resolved "https://registry.yarnpkg.com/defs/-/defs-1.1.1.tgz#b22609f2c7a11ba7a3db116805c139b1caffa9d2"
  dependencies:
    alter "~0.2.0"
    ast-traverse "~0.1.1"
    breakable "~1.0.0"
    esprima-fb "~15001.1001.0-dev-harmony-fb"
    simple-fmt "~0.1.0"
    simple-is "~0.2.0"
    stringmap "~0.2.2"
    stringset "~0.2.1"
    tryor "~0.1.2"
    yargs "~3.27.0"

degenerator@~1.0.0:
  version "1.0.4"
  resolved "https://registry.yarnpkg.com/degenerator/-/degenerator-1.0.4.tgz#fcf490a37ece266464d9cc431ab98c5819ced095"
  dependencies:
    ast-types "0.x.x"
    escodegen "1.x.x"
    esprima "3.x.x"

delayed-stream@~1.0.0:
  version "1.0.0"
  resolved "https://registry.yarnpkg.com/delayed-stream/-/delayed-stream-1.0.0.tgz#df3ae199acadfb7d440aaae0b29e2272b24ec619"

detective@^4.3.1:
  version "4.5.0"
  resolved "https://registry.yarnpkg.com/detective/-/detective-4.5.0.tgz#6e5a8c6b26e6c7a254b1c6b6d7490d98ec91edd1"
  dependencies:
    acorn "^4.0.3"
    defined "^1.0.0"

escodegen@1.x.x:
  version "1.8.1"
  resolved "https://registry.yarnpkg.com/escodegen/-/escodegen-1.8.1.tgz#5a5b53af4693110bebb0867aa3430dd3b70a1018"
  dependencies:
    esprima "^2.7.1"
    estraverse "^1.9.1"
    esutils "^2.0.2"
    optionator "^0.8.1"
  optionalDependencies:
    source-map "~0.2.0"

esprima-fb@~15001.1001.0-dev-harmony-fb:
  version "15001.1001.0-dev-harmony-fb"
  resolved "https://registry.yarnpkg.com/esprima-fb/-/esprima-fb-15001.1001.0-dev-harmony-fb.tgz#43beb57ec26e8cf237d3dd8b33e42533577f2659"

esprima@3.x.x, esprima@~3.1.0:
  version "3.1.3"
  resolved "https://registry.yarnpkg.com/esprima/-/esprima-3.1.3.tgz#fdca51cee6133895e3c88d535ce49dbff62a4633"

esprima@^2.7.1:
  version "2.7.3"
  resolved "https://registry.yarnpkg.com/esprima/-/esprima-2.7.3.tgz#96e3b70d5779f6ad49cd032673d1c312767ba581"

estraverse@^1.9.1:
  version "1.9.3"
  resolved "https://registry.yarnpkg.com/estraverse/-/estraverse-1.9.3.tgz#af67f2dc922582415950926091a4005d29c9bb44"

esutils@^2.0.2:
  version "2.0.2"
  resolved "https://registry.yarnpkg.com/esutils/-/esutils-2.0.2.tgz#0abf4f1caa5bcb1f7a9d8acc6dea4faaa04bac9b"

extend@3, extend@^3.0.0, extend@~3.0.0:
  version "3.0.0"
  resolved "https://registry.yarnpkg.com/extend/-/extend-3.0.0.tgz#5a474353b9f3353ddd8176dfd37b91c83a46f1d4"

fast-levenshtein@~2.0.4:
  version "2.0.6"
  resolved "https://registry.yarnpkg.com/fast-levenshtein/-/fast-levenshtein-2.0.6.tgz#3d8a5c66883a16a30ca8643e851f19baa7797917"

file-uri-to-path@0:
  version "0.0.2"
  resolved "https://registry.yarnpkg.com/file-uri-to-path/-/file-uri-to-path-0.0.2.tgz#37cdd1b5b905404b3f05e1b23645be694ff70f82"

form-data@1.0.0-rc4:
  version "1.0.0-rc4"
  resolved "https://registry.yarnpkg.com/form-data/-/form-data-1.0.0-rc4.tgz#05ac6bc22227b43e4461f488161554699d4f8b5e"
  dependencies:
    async "^1.5.2"
    combined-stream "^1.0.5"
    mime-types "^2.1.10"

formidable@^1.0.17:
  version "1.1.1"
  resolved "https://registry.yarnpkg.com/formidable/-/formidable-1.1.1.tgz#96b8886f7c3c3508b932d6bd70c4d3a88f35f1a9"

ftp@~0.3.5:
  version "0.3.10"
  resolved "https://registry.yarnpkg.com/ftp/-/ftp-0.3.10.tgz#9197d861ad8142f3e63d5a83bfe4c59f7330885d"
  dependencies:
    readable-stream "1.1.x"
    xregexp "2.0.0"

get-uri@1:
  version "1.1.0"
  resolved "https://registry.yarnpkg.com/get-uri/-/get-uri-1.1.0.tgz#7375d04daf7fcb584b3632679cbdf339b51bb149"
  dependencies:
    data-uri-to-buffer "0"
    debug "2"
    extend "3"
    file-uri-to-path "0"
    ftp "~0.3.5"
    readable-stream "2"

glob@^5.0.15:
  version "5.0.15"
  resolved "https://registry.yarnpkg.com/glob/-/glob-5.0.15.tgz#1bc936b9e02f4a603fcc222ecf7633d30b8b93b1"
  dependencies:
    inflight "^1.0.4"
    inherits "2"
    minimatch "2 || 3"
    once "^1.3.0"
    path-is-absolute "^1.0.0"

graceful-fs@^4.1.2:
  version "4.1.11"
  resolved "https://registry.yarnpkg.com/graceful-fs/-/graceful-fs-4.1.11.tgz#0e8bdfe4d1ddb8854d64e04ea7c00e2a026e5658"

"graceful-readlink@>= 1.0.0":
  version "1.0.1"
  resolved "https://registry.yarnpkg.com/graceful-readlink/-/graceful-readlink-1.0.1.tgz#4cafad76bc62f02fa039b2f94e9a3dd3a391a725"

http-proxy-agent@1:
  version "1.0.0"
  resolved "https://registry.yarnpkg.com/http-proxy-agent/-/http-proxy-agent-1.0.0.tgz#cc1ce38e453bf984a0f7702d2dd59c73d081284a"
  dependencies:
    agent-base "2"
    debug "2"
    extend "3"

https-proxy-agent@1:
  version "1.0.0"
  resolved "https://registry.yarnpkg.com/https-proxy-agent/-/https-proxy-agent-1.0.0.tgz#35f7da6c48ce4ddbfa264891ac593ee5ff8671e6"
  dependencies:
    agent-base "2"
    debug "2"
    extend "3"

iconv-lite@^0.4.5:
  version "0.4.15"
  resolved "https://registry.yarnpkg.com/iconv-lite/-/iconv-lite-0.4.15.tgz#fe265a218ac6a57cfe854927e9d04c19825eddeb"

inflight@^1.0.4:
  version "1.0.6"
  resolved "https://registry.yarnpkg.com/inflight/-/inflight-1.0.6.tgz#49bd6331d7d02d0c09bc910a1075ba8165b56df9"
  dependencies:
    once "^1.3.0"
    wrappy "1"

inherits@2, inherits@~2.0.1:
  version "2.0.3"
  resolved "https://registry.yarnpkg.com/inherits/-/inherits-2.0.3.tgz#633c2c83e3da42a502f52466022480f4208261de"

invert-kv@^1.0.0:
  version "1.0.0"
  resolved "https://registry.yarnpkg.com/invert-kv/-/invert-kv-1.0.0.tgz#104a8e4aaca6d3d8cd157a8ef8bfab2d7a3ffdb6"

ip@^1.1.4:
  version "1.1.5"
  resolved "https://registry.yarnpkg.com/ip/-/ip-1.1.5.tgz#bdded70114290828c0a039e72ef25f5aaec4354a"

is-buffer@^1.0.2:
  version "1.1.5"
  resolved "https://registry.yarnpkg.com/is-buffer/-/is-buffer-1.1.5.tgz#1f3b26ef613b214b88cbca23cc6c01d87961eecc"

isarray@0.0.1:
  version "0.0.1"
  resolved "https://registry.yarnpkg.com/isarray/-/isarray-0.0.1.tgz#8a18acfca9a8f4177e09abfc6038939b05d1eedf"

isarray@~1.0.0:
  version "1.0.0"
  resolved "https://registry.yarnpkg.com/isarray/-/isarray-1.0.0.tgz#bb935d48582cba168c06834957a54a3e07124f11"

json-bigint@^0.2.0:
  version "0.2.3"
  resolved "https://registry.yarnpkg.com/json-bigint/-/json-bigint-0.2.3.tgz#118d7f6ff1d38659f19f94cf73e64a75a3f988a8"
  dependencies:
    bignumber.js "^4.0.0"

kind-of@^3.0.2:
  version "3.1.0"
  resolved "https://registry.yarnpkg.com/kind-of/-/kind-of-3.1.0.tgz#475d698a5e49ff5e53d14e3e732429dc8bf4cf47"
  dependencies:
    is-buffer "^1.0.2"

lazy-cache@^1.0.3:
  version "1.0.4"
  resolved "https://registry.yarnpkg.com/lazy-cache/-/lazy-cache-1.0.4.tgz#a1d78fc3a50474cb80845d3b3b6e1da49a446e8e"

lcid@^1.0.0:
  version "1.0.0"
  resolved "https://registry.yarnpkg.com/lcid/-/lcid-1.0.0.tgz#308accafa0bc483a3867b4b6f2b9506251d1b835"
  dependencies:
    invert-kv "^1.0.0"

levn@~0.3.0:
  version "0.3.0"
  resolved "https://registry.yarnpkg.com/levn/-/levn-0.3.0.tgz#3b09924edf9f083c0490fdd4c0bc4421e04764ee"
  dependencies:
    prelude-ls "~1.1.2"
    type-check "~0.3.2"

longest@^1.0.1:
  version "1.0.1"
  resolved "https://registry.yarnpkg.com/longest/-/longest-1.0.1.tgz#30a0b2da38f73770e8294a0d22e6625ed77d0097"

lru-cache@~2.6.5:
  version "2.6.5"
  resolved "https://registry.yarnpkg.com/lru-cache/-/lru-cache-2.6.5.tgz#e56d6354148ede8d7707b58d143220fd08df0fd5"

methods@^1.1.1:
  version "1.1.2"
  resolved "https://registry.yarnpkg.com/methods/-/methods-1.1.2.tgz#5529a4d67654134edcc5266656835b0f851afcee"

mime-db@~1.27.0:
  version "1.27.0"
  resolved "https://registry.yarnpkg.com/mime-db/-/mime-db-1.27.0.tgz#820f572296bbd20ec25ed55e5b5de869e5436eb1"

mime-types@^2.1.10:
  version "2.1.15"
  resolved "https://registry.yarnpkg.com/mime-types/-/mime-types-2.1.15.tgz#a4ebf5064094569237b8cf70046776d09fc92aed"
  dependencies:
    mime-db "~1.27.0"

mime@^1.3.4:
  version "1.3.4"
  resolved "https://registry.yarnpkg.com/mime/-/mime-1.3.4.tgz#115f9e3b6b3daf2959983cb38f149a2d40eb5d53"

"minimatch@2 || 3":
  version "3.0.3"
  resolved "https://registry.yarnpkg.com/minimatch/-/minimatch-3.0.3.tgz#2a4e4090b96b2db06a9d7df01055a62a77c9b774"
  dependencies:
    brace-expansion "^1.0.0"

minimist@0.0.8:
  version "0.0.8"
  resolved "https://registry.yarnpkg.com/minimist/-/minimist-0.0.8.tgz#857fcabfc3397d2625b8228262e86aa7a011b05d"

mkdirp@^0.5.0:
  version "0.5.1"
  resolved "https://registry.yarnpkg.com/mkdirp/-/mkdirp-0.5.1.tgz#30057438eac6cf7f8c4767f38648d6697d75c903"
  dependencies:
    minimist "0.0.8"

ms@0.7.2:
  version "0.7.2"
  resolved "https://registry.yarnpkg.com/ms/-/ms-0.7.2.tgz#ae25cf2512b3885a1d95d7f037868d8431124765"

netmask@~1.0.4:
  version "1.0.6"
  resolved "https://registry.yarnpkg.com/netmask/-/netmask-1.0.6.tgz#20297e89d86f6f6400f250d9f4f6b4c1945fcd35"

node-mailjet@^3.0.6:
  version "3.0.6"
  resolved "https://registry.yarnpkg.com/node-mailjet/-/node-mailjet-3.0.6.tgz#c95266210eea01583a7deae843638cebbd322a1e"
  dependencies:
    bluebird "^3.3.5"
    json-bigint "^0.2.0"
    qs "^4.0.0"
    superagent "^2.0.0"
    superagent-proxy "^1.0.1"

once@^1.3.0:
  version "1.4.0"
  resolved "https://registry.yarnpkg.com/once/-/once-1.4.0.tgz#583b1aa775961d4b113ac17d9c50baef9dd76bd1"
  dependencies:
    wrappy "1"

optionator@^0.8.1:
  version "0.8.2"
  resolved "https://registry.yarnpkg.com/optionator/-/optionator-0.8.2.tgz#364c5e409d3f4d6301d6c0b4c05bba50180aeb64"
  dependencies:
    deep-is "~0.1.3"
    fast-levenshtein "~2.0.4"
    levn "~0.3.0"
    prelude-ls "~1.1.2"
    type-check "~0.3.2"
    wordwrap "~1.0.0"

os-locale@^1.4.0:
  version "1.4.0"
  resolved "https://registry.yarnpkg.com/os-locale/-/os-locale-1.4.0.tgz#20f9f17ae29ed345e8bde583b13d2009803c14d9"
  dependencies:
    lcid "^1.0.0"

pac-proxy-agent@1:
  version "1.0.0"
  resolved "https://registry.yarnpkg.com/pac-proxy-agent/-/pac-proxy-agent-1.0.0.tgz#dcd5b746581367430a236e88eacfd4e5b8d068a5"
  dependencies:
    agent-base "2"
    debug "2"
    extend "3"
    get-uri "1"
    http-proxy-agent "1"
    https-proxy-agent "1"
    pac-resolver "~1.2.1"
    socks-proxy-agent "2"
    stream-to-buffer "0.1.0"

pac-resolver@~1.2.1:
  version "1.2.6"
  resolved "https://registry.yarnpkg.com/pac-resolver/-/pac-resolver-1.2.6.tgz#ed03af0c5b5933505bdd3f07f75175466d5e7cfb"
  dependencies:
    co "~3.0.6"
    degenerator "~1.0.0"
    netmask "~1.0.4"
    regenerator "~0.8.13"
    thunkify "~2.1.1"

path-is-absolute@^1.0.0:
  version "1.0.1"
  resolved "https://registry.yarnpkg.com/path-is-absolute/-/path-is-absolute-1.0.1.tgz#174b9268735534ffbc7ace6bf53a5a9e1b5c5f5f"

prelude-ls@~1.1.2:
  version "1.1.2"
  resolved "https://registry.yarnpkg.com/prelude-ls/-/prelude-ls-1.1.2.tgz#21932a549f5e52ffd9a827f570e04be62a97da54"

private@^0.1.6, private@~0.1.5:
  version "0.1.7"
  resolved "https://registry.yarnpkg.com/private/-/private-0.1.7.tgz#68ce5e8a1ef0a23bb570cc28537b5332aba63ef1"

process-nextick-args@~1.0.6:
  version "1.0.7"
  resolved "https://registry.yarnpkg.com/process-nextick-args/-/process-nextick-args-1.0.7.tgz#150e20b756590ad3f91093f25a4f2ad8bff30ba3"

proxy-agent@2:
  version "2.0.0"
  resolved "https://registry.yarnpkg.com/proxy-agent/-/proxy-agent-2.0.0.tgz#57eb5347aa805d74ec681cb25649dba39c933499"
  dependencies:
    agent-base "2"
    debug "2"
    extend "3"
    http-proxy-agent "1"
    https-proxy-agent "1"
    lru-cache "~2.6.5"
    pac-proxy-agent "1"
    socks-proxy-agent "2"

q@^1.1.2:
  version "1.5.0"
  resolved "https://registry.yarnpkg.com/q/-/q-1.5.0.tgz#dd01bac9d06d30e6f219aecb8253ee9ebdc308f1"

qs@^4.0.0:
  version "4.0.0"
  resolved "https://registry.yarnpkg.com/qs/-/qs-4.0.0.tgz#c31d9b74ec27df75e543a86c78728ed8d4623607"

qs@^6.1.0:
  version "6.4.0"
  resolved "https://registry.yarnpkg.com/qs/-/qs-6.4.0.tgz#13e26d28ad6b0ffaa91312cd3bf708ed351e7233"

readable-stream@1.1.x:
  version "1.1.14"
  resolved "https://registry.yarnpkg.com/readable-stream/-/readable-stream-1.1.14.tgz#7cf4c54ef648e3813084c636dd2079e166c081d9"
  dependencies:
    core-util-is "~1.0.0"
    inherits "~2.0.1"
    isarray "0.0.1"
    string_decoder "~0.10.x"

readable-stream@2, readable-stream@^2.0.5:
  version "2.2.6"
  resolved "https://registry.yarnpkg.com/readable-stream/-/readable-stream-2.2.6.tgz#8b43aed76e71483938d12a8d46c6cf1a00b1f816"
  dependencies:
    buffer-shims "^1.0.0"
    core-util-is "~1.0.0"
    inherits "~2.0.1"
    isarray "~1.0.0"
    process-nextick-args "~1.0.6"
    string_decoder "~0.10.x"
    util-deprecate "~1.0.1"

recast@0.10.33:
  version "0.10.33"
  resolved "https://registry.yarnpkg.com/recast/-/recast-0.10.33.tgz#942808f7aa016f1fa7142c461d7e5704aaa8d697"
  dependencies:
    ast-types "0.8.12"
    esprima-fb "~15001.1001.0-dev-harmony-fb"
    private "~0.1.5"
    source-map "~0.5.0"

recast@^0.11.17:
  version "0.11.23"
  resolved "https://registry.yarnpkg.com/recast/-/recast-0.11.23.tgz#451fd3004ab1e4df9b4e4b66376b2a21912462d3"
  dependencies:
    ast-types "0.9.6"
    esprima "~3.1.0"
    private "~0.1.5"
    source-map "~0.5.0"

regenerator-runtime@~0.9.5:
  version "0.9.6"
  resolved "https://registry.yarnpkg.com/regenerator-runtime/-/regenerator-runtime-0.9.6.tgz#d33eb95d0d2001a4be39659707c51b0cb71ce029"

regenerator@~0.8.13:
  version "0.8.46"
  resolved "https://registry.yarnpkg.com/regenerator/-/regenerator-0.8.46.tgz#154c327686361ed52cad69b2545efc53a3d07696"
  dependencies:
    commoner "~0.10.3"
    defs "~1.1.0"
    esprima-fb "~15001.1001.0-dev-harmony-fb"
    private "~0.1.5"
    recast "0.10.33"
    regenerator-runtime "~0.9.5"
    through "~2.3.8"

repeat-string@^1.5.2:
  version "1.6.1"
  resolved "https://registry.yarnpkg.com/repeat-string/-/repeat-string-1.6.1.tgz#8dcae470e1c88abc2d600fff4a776286da75e637"

right-align@^0.1.1:
  version "0.1.3"
  resolved "https://registry.yarnpkg.com/right-align/-/right-align-0.1.3.tgz#61339b722fe6a3515689210d24e14c96148613ef"
  dependencies:
    align-text "^0.1.1"

semver@~5.0.1:
  version "5.0.3"
  resolved "https://registry.yarnpkg.com/semver/-/semver-5.0.3.tgz#77466de589cd5d3c95f138aa78bc569a3cb5d27a"

simple-fmt@~0.1.0:
  version "0.1.0"
  resolved "https://registry.yarnpkg.com/simple-fmt/-/simple-fmt-0.1.0.tgz#191bf566a59e6530482cb25ab53b4a8dc85c3a6b"

simple-is@~0.2.0:
  version "0.2.0"
  resolved "https://registry.yarnpkg.com/simple-is/-/simple-is-0.2.0.tgz#2abb75aade39deb5cc815ce10e6191164850baf0"

smart-buffer@^1.0.13:
  version "1.1.15"
  resolved "https://registry.yarnpkg.com/smart-buffer/-/smart-buffer-1.1.15.tgz#7f114b5b65fab3e2a35aa775bb12f0d1c649bf16"

socks-proxy-agent@2:
  version "2.0.0"
  resolved "https://registry.yarnpkg.com/socks-proxy-agent/-/socks-proxy-agent-2.0.0.tgz#c674842d70410fb28ae1e92e6135a927854bc275"
  dependencies:
    agent-base "2"
    extend "3"
    socks "~1.1.5"

socks@~1.1.5:
  version "1.1.10"
  resolved "https://registry.yarnpkg.com/socks/-/socks-1.1.10.tgz#5b8b7fc7c8f341c53ed056e929b7bf4de8ba7b5a"
  dependencies:
    ip "^1.1.4"
    smart-buffer "^1.0.13"

source-map@~0.2.0:
  version "0.2.0"
  resolved "https://registry.yarnpkg.com/source-map/-/source-map-0.2.0.tgz#dab73fbcfc2ba819b4de03bd6f6eaa48164b3f9d"
  dependencies:
    amdefine ">=0.0.4"

source-map@~0.5.0:
  version "0.5.6"
  resolved "https://registry.yarnpkg.com/source-map/-/source-map-0.5.6.tgz#75ce38f52bf0733c5a7f0c118d81334a2bb5f412"

stable@~0.1.3:
  version "0.1.6"
  resolved "https://registry.yarnpkg.com/stable/-/stable-0.1.6.tgz#910f5d2aed7b520c6e777499c1f32e139fdecb10"

stream-to-buffer@0.1.0:
  version "0.1.0"
  resolved "https://registry.yarnpkg.com/stream-to-buffer/-/stream-to-buffer-0.1.0.tgz#26799d903ab2025c9bd550ac47171b00f8dd80a9"
  dependencies:
    stream-to "~0.2.0"

stream-to@~0.2.0:
  version "0.2.2"
  resolved "https://registry.yarnpkg.com/stream-to/-/stream-to-0.2.2.tgz#84306098d85fdb990b9fa300b1b3ccf55e8ef01d"

string_decoder@~0.10.x:
  version "0.10.31"
  resolved "https://registry.yarnpkg.com/string_decoder/-/string_decoder-0.10.31.tgz#62e203bc41766c6c28c9fc84301dab1c5310fa94"

stringmap@~0.2.2:
  version "0.2.2"
  resolved "https://registry.yarnpkg.com/stringmap/-/stringmap-0.2.2.tgz#556c137b258f942b8776f5b2ef582aa069d7d1b1"

stringset@~0.2.1:
  version "0.2.1"
  resolved "https://registry.yarnpkg.com/stringset/-/stringset-0.2.1.tgz#ef259c4e349344377fcd1c913dd2e848c9c042b5"

superagent-proxy@^1.0.1:
  version "1.0.2"
  resolved "https://registry.yarnpkg.com/superagent-proxy/-/superagent-proxy-1.0.2.tgz#92d3660578f618ed43a82cf8cac799fe2938ba2d"
  dependencies:
    debug "2"
    proxy-agent "2"

superagent@^2.0.0:
  version "2.3.0"
  resolved "https://registry.yarnpkg.com/superagent/-/superagent-2.3.0.tgz#703529a0714e57e123959ddefbce193b2e50d115"
  dependencies:
    component-emitter "^1.2.0"
    cookiejar "^2.0.6"
    debug "^2.2.0"
    extend "^3.0.0"
    form-data "1.0.0-rc4"
    formidable "^1.0.17"
    methods "^1.1.1"
    mime "^1.3.4"
    qs "^6.1.0"
    readable-stream "^2.0.5"

through@~2.3.8:
  version "2.3.8"
  resolved "https://registry.yarnpkg.com/through/-/through-2.3.8.tgz#0dd4c9ffaabc357960b1b724115d7e0e86a2e1f5"

thunkify@~2.1.1:
  version "2.1.2"
  resolved "https://registry.yarnpkg.com/thunkify/-/thunkify-2.1.2.tgz#faa0e9d230c51acc95ca13a361ac05ca7e04553d"

tryor@~0.1.2:
  version "0.1.2"
  resolved "https://registry.yarnpkg.com/tryor/-/tryor-0.1.2.tgz#8145e4ca7caff40acde3ccf946e8b8bb75b4172b"

type-check@~0.3.2:
  version "0.3.2"
  resolved "https://registry.yarnpkg.com/type-check/-/type-check-0.3.2.tgz#5884cab512cf1d355e3fb784f30804b2b520db72"
  dependencies:
    prelude-ls "~1.1.2"

util-deprecate@~1.0.1:
  version "1.0.2"
  resolved "https://registry.yarnpkg.com/util-deprecate/-/util-deprecate-1.0.2.tgz#450d4dc9fa70de732762fbd2d4a28981419a0ccf"

window-size@^0.1.2:
  version "0.1.4"
  resolved "https://registry.yarnpkg.com/window-size/-/window-size-0.1.4.tgz#f8e1aa1ee5a53ec5bf151ffa09742a6ad7697876"

wordwrap@0.0.2:
  version "0.0.2"
  resolved "https://registry.yarnpkg.com/wordwrap/-/wordwrap-0.0.2.tgz#b79669bb42ecb409f83d583cad52ca17eaa1643f"

wordwrap@~1.0.0:
  version "1.0.0"
  resolved "https://registry.yarnpkg.com/wordwrap/-/wordwrap-1.0.0.tgz#27584810891456a4171c8d0226441ade90cbcaeb"

wrappy@1:
  version "1.0.2"
  resolved "https://registry.yarnpkg.com/wrappy/-/wrappy-1.0.2.tgz#b5243d8f3ec1aa35f1364605bc0d1036e30ab69f"

xregexp@2.0.0:
  version "2.0.0"
  resolved "https://registry.yarnpkg.com/xregexp/-/xregexp-2.0.0.tgz#52a63e56ca0b84a7f3a5f3d61872f126ad7a5943"

y18n@^3.2.0:
  version "3.2.1"
  resolved "https://registry.yarnpkg.com/y18n/-/y18n-3.2.1.tgz#6d15fba884c08679c0d77e88e7759e811e07fa41"

yargs@~3.27.0:
  version "3.27.0"
  resolved "https://registry.yarnpkg.com/yargs/-/yargs-3.27.0.tgz#21205469316e939131d59f2da0c6d7f98221ea40"
  dependencies:
    camelcase "^1.2.1"
    cliui "^2.1.0"
    decamelize "^1.0.0"
    os-locale "^1.4.0"
    window-size "^0.1.2"
    y18n "^3.2.0"
